
Microsoft Visual Studio Solution File, Format Version 12.00
# Visual Studio Version 16
VisualStudioVersion = 16.0.30523.141
MinimumVisualStudioVersion = 10.0.40219.1
Project("{FAE04EC0-301F-11D3-BF4B-00C04F79EFBC}") = "ClassFunction02", "ClassFunction02.csproj", "{02FBA2E8-9311-4320-8BEC-055F66653C58}"
EndProject
Project("{FAE04EC0-301F-11D3-BF4B-00C04F79EFBC}") = "ClassLibrary2", "..\ClassLibrary2\ClassLibrary2.csproj", "{F5735011-7259-40C1-8C9F-2AF28FF1E910}"
EndProject
Global
	GlobalSection(SolutionConfigurationPlatforms) = preSolution
		Debug|Any CPU = Debug|Any CPU
		Release|Any CPU = Release|Any CPU
	EndGlobalSection
	GlobalSection(ProjectConfigurationPlatforms) = postSolution
		{02FBA2E8-9311-4320-8BEC-055F66653C58}.Debug|Any CPU.ActiveCfg = Debug|Any CPU
		{02FBA2E8-9311-4320-8BEC-055F66653C58}.Debug|Any CPU.Build.0 = Debug|Any CPU
		{02FBA2E8-9311-4320-8BEC-055F66653C58}.Release|Any CPU.ActiveCfg = Release|Any CPU
		{02FBA2E8-9311-4320-8BEC-055F66653C58}.Release|Any CPU.Build.0 = Release|Any CPU
		{F5735011-7259-40C1-8C9F-2AF28FF1E910}.Debug|Any CPU.ActiveCfg = Debug|Any CPU
		{F5735011-7259-40C1-8C9F-2AF28FF1E910}.Debug|Any CPU.Build.0 = Debug|Any CPU
		{F5735011-7259-40C1-8C9F-2AF28FF1E910}.Release|Any CPU.ActiveCfg = Release|Any CPU
		{F5735011-7259-40C1-8C9F-2AF28FF1E910}.Release|Any CPU.Build.0 = Release|Any CPU
	EndGlobalSection
	GlobalSection(SolutionProperties) = preSolution
		HideSolutionNode = FALSE
	EndGlobalSection
	GlobalSection(ExtensibilityGlobals) = postSolution
		SolutionGuid = {0DEFBE91-81BD-4C31-9DE7-7AC5324972AA}
	EndGlobalSection
EndGlobal
