
Microsoft Visual Studio Solution File, Format Version 12.00
# Visual Studio Version 16
VisualStudioVersion = 16.0.30523.141
MinimumVisualStudioVersion = 10.0.40219.1
Project("{FAE04EC0-301F-11D3-BF4B-00C04F79EFBC}") = "LocalDatabase", "LocalDatabase.csproj", "{3072DAAF-5E88-41DB-9E57-6BD81554D3DC}"
EndProject
Global
	GlobalSection(SolutionConfigurationPlatforms) = preSolution
		Debug|Any CPU = Debug|Any CPU
		Release|Any CPU = Release|Any CPU
	EndGlobalSection
	GlobalSection(ProjectConfigurationPlatforms) = postSolution
		{3072DAAF-5E88-41DB-9E57-6BD81554D3DC}.Debug|Any CPU.ActiveCfg = Debug|Any CPU
		{3072DAAF-5E88-41DB-9E57-6BD81554D3DC}.Debug|Any CPU.Build.0 = Debug|Any CPU
		{3072DAAF-5E88-41DB-9E57-6BD81554D3DC}.Release|Any CPU.ActiveCfg = Release|Any CPU
		{3072DAAF-5E88-41DB-9E57-6BD81554D3DC}.Release|Any CPU.Build.0 = Release|Any CPU
	EndGlobalSection
	GlobalSection(SolutionProperties) = preSolution
		HideSolutionNode = FALSE
	EndGlobalSection
	GlobalSection(ExtensibilityGlobals) = postSolution
		SolutionGuid = {B5B8CB4F-1F4D-4B3F-BA9B-1431397A61A3}
	EndGlobalSection
EndGlobal
