
Microsoft Visual Studio Solution File, Format Version 12.00
# Visual Studio Version 16
VisualStudioVersion = 16.0.30523.141
MinimumVisualStudioVersion = 10.0.40219.1
Project("{FAE04EC0-301F-11D3-BF4B-00C04F79EFBC}") = "WindowsFormsApp3", "WindowsFormsApp3.csproj", "{76FF05F0-1386-4FA3-8C75-8EFDDEA5BCBB}"
EndProject
Global
	GlobalSection(SolutionConfigurationPlatforms) = preSolution
		Debug|Any CPU = Debug|Any CPU
		Release|Any CPU = Release|Any CPU
	EndGlobalSection
	GlobalSection(ProjectConfigurationPlatforms) = postSolution
		{76FF05F0-1386-4FA3-8C75-8EFDDEA5BCBB}.Debug|Any CPU.ActiveCfg = Debug|Any CPU
		{76FF05F0-1386-4FA3-8C75-8EFDDEA5BCBB}.Debug|Any CPU.Build.0 = Debug|Any CPU
		{76FF05F0-1386-4FA3-8C75-8EFDDEA5BCBB}.Release|Any CPU.ActiveCfg = Release|Any CPU
		{76FF05F0-1386-4FA3-8C75-8EFDDEA5BCBB}.Release|Any CPU.Build.0 = Release|Any CPU
	EndGlobalSection
	GlobalSection(SolutionProperties) = preSolution
		HideSolutionNode = FALSE
	EndGlobalSection
	GlobalSection(ExtensibilityGlobals) = postSolution
		SolutionGuid = {36ADAC6D-C335-453F-A1B8-6BFBF94A58FA}
	EndGlobalSection
EndGlobal
