
Microsoft Visual Studio Solution File, Format Version 12.00
# Visual Studio Version 16
VisualStudioVersion = 16.0.30523.141
MinimumVisualStudioVersion = 10.0.40219.1
Project("{FAE04EC0-301F-11D3-BF4B-00C04F79EFBC}") = "Looping Data Set", "Looping Data Set.csproj", "{C29A0F05-10DF-4263-BA11-C5A0CE1E6E4D}"
EndProject
Global
	GlobalSection(SolutionConfigurationPlatforms) = preSolution
		Debug|Any CPU = Debug|Any CPU
		Release|Any CPU = Release|Any CPU
	EndGlobalSection
	GlobalSection(ProjectConfigurationPlatforms) = postSolution
		{C29A0F05-10DF-4263-BA11-C5A0CE1E6E4D}.Debug|Any CPU.ActiveCfg = Debug|Any CPU
		{C29A0F05-10DF-4263-BA11-C5A0CE1E6E4D}.Debug|Any CPU.Build.0 = Debug|Any CPU
		{C29A0F05-10DF-4263-BA11-C5A0CE1E6E4D}.Release|Any CPU.ActiveCfg = Release|Any CPU
		{C29A0F05-10DF-4263-BA11-C5A0CE1E6E4D}.Release|Any CPU.Build.0 = Release|Any CPU
	EndGlobalSection
	GlobalSection(SolutionProperties) = preSolution
		HideSolutionNode = FALSE
	EndGlobalSection
	GlobalSection(ExtensibilityGlobals) = postSolution
		SolutionGuid = {DA7F172D-1100-4B7A-8C06-DFA8696BD6C0}
	EndGlobalSection
EndGlobal
