
Microsoft Visual Studio Solution File, Format Version 12.00
# Visual Studio Version 16
VisualStudioVersion = 16.0.30523.141
MinimumVisualStudioVersion = 10.0.40219.1
Project("{FAE04EC0-301F-11D3-BF4B-00C04F79EFBC}") = "ConsoleLatihan", "ConsoleLatihan.csproj", "{FCB990C2-E697-43FA-8719-99973A3CD971}"
EndProject
Global
	GlobalSection(SolutionConfigurationPlatforms) = preSolution
		Debug|Any CPU = Debug|Any CPU
		Release|Any CPU = Release|Any CPU
	EndGlobalSection
	GlobalSection(ProjectConfigurationPlatforms) = postSolution
		{FCB990C2-E697-43FA-8719-99973A3CD971}.Debug|Any CPU.ActiveCfg = Debug|Any CPU
		{FCB990C2-E697-43FA-8719-99973A3CD971}.Debug|Any CPU.Build.0 = Debug|Any CPU
		{FCB990C2-E697-43FA-8719-99973A3CD971}.Release|Any CPU.ActiveCfg = Release|Any CPU
		{FCB990C2-E697-43FA-8719-99973A3CD971}.Release|Any CPU.Build.0 = Release|Any CPU
	EndGlobalSection
	GlobalSection(SolutionProperties) = preSolution
		HideSolutionNode = FALSE
	EndGlobalSection
	GlobalSection(ExtensibilityGlobals) = postSolution
		SolutionGuid = {6AC77668-1D93-4576-8058-78C6B6341619}
	EndGlobalSection
EndGlobal
