
Microsoft Visual Studio Solution File, Format Version 12.00
# Visual Studio Version 16
VisualStudioVersion = 16.0.30523.141
MinimumVisualStudioVersion = 10.0.40219.1
Project("{FAE04EC0-301F-11D3-BF4B-00C04F79EFBC}") = "WindowsService1", "..\WindowsService1\WindowsService1.csproj", "{2D58DBD0-8DD4-468A-8126-3502ADF1900F}"
EndProject
Global
	GlobalSection(SolutionConfigurationPlatforms) = preSolution
		Debug|Any CPU = Debug|Any CPU
		Release|Any CPU = Release|Any CPU
	EndGlobalSection
	GlobalSection(ProjectConfigurationPlatforms) = postSolution
		{2D58DBD0-8DD4-468A-8126-3502ADF1900F}.Debug|Any CPU.ActiveCfg = Debug|Any CPU
		{2D58DBD0-8DD4-468A-8126-3502ADF1900F}.Debug|Any CPU.Build.0 = Debug|Any CPU
		{2D58DBD0-8DD4-468A-8126-3502ADF1900F}.Release|Any CPU.ActiveCfg = Release|Any CPU
		{2D58DBD0-8DD4-468A-8126-3502ADF1900F}.Release|Any CPU.Build.0 = Release|Any CPU
	EndGlobalSection
	GlobalSection(SolutionProperties) = preSolution
		HideSolutionNode = FALSE
	EndGlobalSection
	GlobalSection(ExtensibilityGlobals) = postSolution
		SolutionGuid = {38102A0B-3AE0-4FF0-9607-4939BDC5CE09}
	EndGlobalSection
EndGlobal
